
Microsoft Visual Studio Solution File, Format Version 12.00
# Visual Studio 15
VisualStudioVersion = 15.0.28010.2036
MinimumVisualStudioVersion = 10.0.40219.1
Project("{2150E333-8FDC-42A3-9474-1A3956D46DE8}") = "Framework", "Framework", "{4A4C9727-F903-43BE-AA72-56FF121F46BB}"
EndProject
Project("{2150E333-8FDC-42A3-9474-1A3956D46DE8}") = "Book", "Book", "{2B77D708-6711-4168-A318-CC073548B9EA}"
EndProject
Project("{2150E333-8FDC-42A3-9474-1A3956D46DE8}") = "Containers", "Containers", "{3C998932-D118-44B1-9A44-DDB5124EFF29}"
EndProject
Project("{2150E333-8FDC-42A3-9474-1A3956D46DE8}") = "Packages", "Packages", "{991D0010-96C6-4689-A4A7-CF79DC8A6EE7}"
EndProject
Project("{2150E333-8FDC-42A3-9474-1A3956D46DE8}") = "Test", "Test", "{D0CBDF94-63E4-4FA4-A23F-D25FAC702359}"
EndProject
Project("{9A19103F-16F7-4668-BE54-9A1E7A4F7556}") = "Book.Api", "..\containers\api-book\src\Book.Api.csproj", "{F5F52DE4-7335-4453-AE5E-8AFEEC96990A}"
EndProject
Project("{9A19103F-16F7-4668-BE54-9A1E7A4F7556}") = "Book.Consumer", "..\containers\consumer-book\src\Book.Consumer.csproj", "{A2629EDF-01B3-4C84-8671-F847F5CE7CF8}"
EndProject
Project("{9A19103F-16F7-4668-BE54-9A1E7A4F7556}") = "Book", "..\dotnet-packages\book\src\Book.csproj", "{68EB7D55-A1BA-48F5-8A20-1DC024F843A6}"
EndProject
Project("{9A19103F-16F7-4668-BE54-9A1E7A4F7556}") = "Book.Tests", "..\dotnet-packages\book\test\Book.Tests.csproj", "{C1CF38B4-3DF7-4907-B9FB-A95EBD48B5BF}"
EndProject
Project("{2150E333-8FDC-42A3-9474-1A3956D46DE8}") = "Tools", "Tools", "{207796D2-2A9A-4FC9-9E4A-41D64ECF506B}"
EndProject
Project("{9A19103F-16F7-4668-BE54-9A1E7A4F7556}") = "Book.Tools", "..\dotnet-packages\book\tools\Book.Tools.csproj", "{D9976A53-AE28-45AB-87A3-B2550C0E65B1}"
EndProject
Project("{9A19103F-16F7-4668-BE54-9A1E7A4F7556}") = "Framework", "..\dotnet-packages\framework\src\Framework.csproj", "{92B395E5-766F-4B80-9959-77B96DABE56B}"
EndProject
Global
	GlobalSection(SolutionConfigurationPlatforms) = preSolution
		Debug|Any CPU = Debug|Any CPU
		Release|Any CPU = Release|Any CPU
	EndGlobalSection
	GlobalSection(ProjectConfigurationPlatforms) = postSolution
		{F5F52DE4-7335-4453-AE5E-8AFEEC96990A}.Debug|Any CPU.ActiveCfg = Debug|Any CPU
		{F5F52DE4-7335-4453-AE5E-8AFEEC96990A}.Debug|Any CPU.Build.0 = Debug|Any CPU
		{F5F52DE4-7335-4453-AE5E-8AFEEC96990A}.Release|Any CPU.ActiveCfg = Release|Any CPU
		{F5F52DE4-7335-4453-AE5E-8AFEEC96990A}.Release|Any CPU.Build.0 = Release|Any CPU
		{A2629EDF-01B3-4C84-8671-F847F5CE7CF8}.Debug|Any CPU.ActiveCfg = Debug|Any CPU
		{A2629EDF-01B3-4C84-8671-F847F5CE7CF8}.Debug|Any CPU.Build.0 = Debug|Any CPU
		{A2629EDF-01B3-4C84-8671-F847F5CE7CF8}.Release|Any CPU.ActiveCfg = Release|Any CPU
		{A2629EDF-01B3-4C84-8671-F847F5CE7CF8}.Release|Any CPU.Build.0 = Release|Any CPU
		{68EB7D55-A1BA-48F5-8A20-1DC024F843A6}.Debug|Any CPU.ActiveCfg = Debug|Any CPU
		{68EB7D55-A1BA-48F5-8A20-1DC024F843A6}.Debug|Any CPU.Build.0 = Debug|Any CPU
		{68EB7D55-A1BA-48F5-8A20-1DC024F843A6}.Release|Any CPU.ActiveCfg = Release|Any CPU
		{68EB7D55-A1BA-48F5-8A20-1DC024F843A6}.Release|Any CPU.Build.0 = Release|Any CPU
		{C1CF38B4-3DF7-4907-B9FB-A95EBD48B5BF}.Debug|Any CPU.ActiveCfg = Debug|Any CPU
		{C1CF38B4-3DF7-4907-B9FB-A95EBD48B5BF}.Debug|Any CPU.Build.0 = Debug|Any CPU
		{C1CF38B4-3DF7-4907-B9FB-A95EBD48B5BF}.Release|Any CPU.ActiveCfg = Release|Any CPU
		{C1CF38B4-3DF7-4907-B9FB-A95EBD48B5BF}.Release|Any CPU.Build.0 = Release|Any CPU
		{D9976A53-AE28-45AB-87A3-B2550C0E65B1}.Debug|Any CPU.ActiveCfg = Debug|Any CPU
		{D9976A53-AE28-45AB-87A3-B2550C0E65B1}.Debug|Any CPU.Build.0 = Debug|Any CPU
		{D9976A53-AE28-45AB-87A3-B2550C0E65B1}.Release|Any CPU.ActiveCfg = Release|Any CPU
		{D9976A53-AE28-45AB-87A3-B2550C0E65B1}.Release|Any CPU.Build.0 = Release|Any CPU
		{92B395E5-766F-4B80-9959-77B96DABE56B}.Debug|Any CPU.ActiveCfg = Debug|Any CPU
		{92B395E5-766F-4B80-9959-77B96DABE56B}.Debug|Any CPU.Build.0 = Debug|Any CPU
		{92B395E5-766F-4B80-9959-77B96DABE56B}.Release|Any CPU.ActiveCfg = Release|Any CPU
		{92B395E5-766F-4B80-9959-77B96DABE56B}.Release|Any CPU.Build.0 = Release|Any CPU
	EndGlobalSection
	GlobalSection(SolutionProperties) = preSolution
		HideSolutionNode = FALSE
	EndGlobalSection
	GlobalSection(NestedProjects) = preSolution
		{3C998932-D118-44B1-9A44-DDB5124EFF29} = {2B77D708-6711-4168-A318-CC073548B9EA}
		{991D0010-96C6-4689-A4A7-CF79DC8A6EE7} = {2B77D708-6711-4168-A318-CC073548B9EA}
		{D0CBDF94-63E4-4FA4-A23F-D25FAC702359} = {2B77D708-6711-4168-A318-CC073548B9EA}
		{F5F52DE4-7335-4453-AE5E-8AFEEC96990A} = {3C998932-D118-44B1-9A44-DDB5124EFF29}
		{A2629EDF-01B3-4C84-8671-F847F5CE7CF8} = {3C998932-D118-44B1-9A44-DDB5124EFF29}
		{68EB7D55-A1BA-48F5-8A20-1DC024F843A6} = {991D0010-96C6-4689-A4A7-CF79DC8A6EE7}
		{C1CF38B4-3DF7-4907-B9FB-A95EBD48B5BF} = {D0CBDF94-63E4-4FA4-A23F-D25FAC702359}
		{207796D2-2A9A-4FC9-9E4A-41D64ECF506B} = {2B77D708-6711-4168-A318-CC073548B9EA}
		{D9976A53-AE28-45AB-87A3-B2550C0E65B1} = {207796D2-2A9A-4FC9-9E4A-41D64ECF506B}
		{92B395E5-766F-4B80-9959-77B96DABE56B} = {4A4C9727-F903-43BE-AA72-56FF121F46BB}
	EndGlobalSection
	GlobalSection(ExtensibilityGlobals) = postSolution
		SolutionGuid = {B09D1937-66EF-4D50-A2CD-8EDBB6374341}
	EndGlobalSection
EndGlobal
