
Microsoft Visual Studio Solution File, Format Version 12.00
# Visual Studio 15
VisualStudioVersion = 15.0.28010.2036
MinimumVisualStudioVersion = 10.0.40219.1
Project("{2150E333-8FDC-42A3-9474-1A3956D46DE8}") = "Framework", "Framework", "{3B943D7C-0B6C-44AC-9CBD-53CC4E7C39FD}"
EndProject
Project("{9A19103F-16F7-4668-BE54-9A1E7A4F7556}") = "Framework", "..\dotnet-packages\framework\src\Framework.csproj", "{5904325C-353E-43F4-B9C9-C3C0B0276053}"
EndProject
Global
	GlobalSection(SolutionConfigurationPlatforms) = preSolution
		Debug|Any CPU = Debug|Any CPU
		Release|Any CPU = Release|Any CPU
	EndGlobalSection
	GlobalSection(ProjectConfigurationPlatforms) = postSolution
		{5904325C-353E-43F4-B9C9-C3C0B0276053}.Debug|Any CPU.ActiveCfg = Debug|Any CPU
		{5904325C-353E-43F4-B9C9-C3C0B0276053}.Debug|Any CPU.Build.0 = Debug|Any CPU
		{5904325C-353E-43F4-B9C9-C3C0B0276053}.Release|Any CPU.ActiveCfg = Release|Any CPU
		{5904325C-353E-43F4-B9C9-C3C0B0276053}.Release|Any CPU.Build.0 = Release|Any CPU
	EndGlobalSection
	GlobalSection(SolutionProperties) = preSolution
		HideSolutionNode = FALSE
	EndGlobalSection
	GlobalSection(NestedProjects) = preSolution
		{5904325C-353E-43F4-B9C9-C3C0B0276053} = {3B943D7C-0B6C-44AC-9CBD-53CC4E7C39FD}
	EndGlobalSection
	GlobalSection(ExtensibilityGlobals) = postSolution
		SolutionGuid = {1757E395-2D74-4755-BA6B-D0297E131450}
	EndGlobalSection
EndGlobal
