
Microsoft Visual Studio Solution File, Format Version 12.00
# Visual Studio 15
VisualStudioVersion = 15.0.28010.2036
MinimumVisualStudioVersion = 10.0.40219.1
Project("{2150E333-8FDC-42A3-9474-1A3956D46DE8}") = "_Framework", "_Framework", "{F0C85483-F23F-4627-B858-A8F84B592CC4}"
EndProject
Project("{2150E333-8FDC-42A3-9474-1A3956D46DE8}") = "Library", "Library", "{06A800A1-6B6A-4D7A-95F3-E3EBF7C6219D}"
EndProject
Project("{2150E333-8FDC-42A3-9474-1A3956D46DE8}") = "Containers", "Containers", "{CD3A862D-2C52-4F99-A443-ABE19B3EFB70}"
EndProject
Project("{2150E333-8FDC-42A3-9474-1A3956D46DE8}") = "Packages", "Packages", "{96EDFB26-618D-45FD-B9F7-180B29B7C30D}"
EndProject
Project("{9A19103F-16F7-4668-BE54-9A1E7A4F7556}") = "Framework", "..\dotnet-packages\framework\src\Framework.csproj", "{9A41E1FC-2102-454F-BF76-0B96861DA9FD}"
EndProject
Project("{9A19103F-16F7-4668-BE54-9A1E7A4F7556}") = "Library", "..\dotnet-packages\library\src\Library.csproj", "{02E226F2-0F07-4438-ACEB-0A136E620106}"
EndProject
Project("{2150E333-8FDC-42A3-9474-1A3956D46DE8}") = "Tools", "Tools", "{8E1820C4-AB52-48F0-B1E2-92F9EB2BEF56}"
EndProject
Project("{2150E333-8FDC-42A3-9474-1A3956D46DE8}") = "Test", "Test", "{2A443B2B-FCD9-42D3-93CD-08E8296FC437}"
EndProject
Project("{9A19103F-16F7-4668-BE54-9A1E7A4F7556}") = "Library.Tests", "..\dotnet-packages\library\test\Library.Tests.csproj", "{7DBBBEE6-3606-4B85-B56A-2B2779514690}"
EndProject
Project("{9A19103F-16F7-4668-BE54-9A1E7A4F7556}") = "Library.Tools", "..\dotnet-packages\library\tools\Library.Tools.csproj", "{2F37273B-D1E2-4F99-8C36-F6F91C1D4079}"
EndProject
Project("{9A19103F-16F7-4668-BE54-9A1E7A4F7556}") = "Library.Api", "..\containers\api-library\src\Library.Api.csproj", "{6BC048D3-3FA6-4400-9C66-83E5865A2F3F}"
EndProject
Project("{9A19103F-16F7-4668-BE54-9A1E7A4F7556}") = "Library.Consumer", "..\containers\consumer-library\src\Library.Consumer.csproj", "{439D504A-5A4F-416B-B098-AC008567BD08}"
EndProject
Project("{9A19103F-16F7-4668-BE54-9A1E7A4F7556}") = "Library.Consumer.Book", "..\containers\consumer-library-book\src\Library.Consumer.Book.csproj", "{A8C6927E-31D4-4353-B43A-EDCF098AE8B8}"
EndProject
Project("{9A19103F-16F7-4668-BE54-9A1E7A4F7556}") = "Library.Job", "..\containers\job-library\src\Library.Job.csproj", "{8A06942F-F85D-4356-B470-E21D9CBABA0F}"
EndProject
Global
	GlobalSection(SolutionConfigurationPlatforms) = preSolution
		Debug|Any CPU = Debug|Any CPU
		Release|Any CPU = Release|Any CPU
	EndGlobalSection
	GlobalSection(ProjectConfigurationPlatforms) = postSolution
		{9A41E1FC-2102-454F-BF76-0B96861DA9FD}.Debug|Any CPU.ActiveCfg = Debug|Any CPU
		{9A41E1FC-2102-454F-BF76-0B96861DA9FD}.Debug|Any CPU.Build.0 = Debug|Any CPU
		{9A41E1FC-2102-454F-BF76-0B96861DA9FD}.Release|Any CPU.ActiveCfg = Release|Any CPU
		{9A41E1FC-2102-454F-BF76-0B96861DA9FD}.Release|Any CPU.Build.0 = Release|Any CPU
		{02E226F2-0F07-4438-ACEB-0A136E620106}.Debug|Any CPU.ActiveCfg = Debug|Any CPU
		{02E226F2-0F07-4438-ACEB-0A136E620106}.Debug|Any CPU.Build.0 = Debug|Any CPU
		{02E226F2-0F07-4438-ACEB-0A136E620106}.Release|Any CPU.ActiveCfg = Release|Any CPU
		{02E226F2-0F07-4438-ACEB-0A136E620106}.Release|Any CPU.Build.0 = Release|Any CPU
		{7DBBBEE6-3606-4B85-B56A-2B2779514690}.Debug|Any CPU.ActiveCfg = Debug|Any CPU
		{7DBBBEE6-3606-4B85-B56A-2B2779514690}.Debug|Any CPU.Build.0 = Debug|Any CPU
		{7DBBBEE6-3606-4B85-B56A-2B2779514690}.Release|Any CPU.ActiveCfg = Release|Any CPU
		{7DBBBEE6-3606-4B85-B56A-2B2779514690}.Release|Any CPU.Build.0 = Release|Any CPU
		{2F37273B-D1E2-4F99-8C36-F6F91C1D4079}.Debug|Any CPU.ActiveCfg = Debug|Any CPU
		{2F37273B-D1E2-4F99-8C36-F6F91C1D4079}.Debug|Any CPU.Build.0 = Debug|Any CPU
		{2F37273B-D1E2-4F99-8C36-F6F91C1D4079}.Release|Any CPU.ActiveCfg = Release|Any CPU
		{2F37273B-D1E2-4F99-8C36-F6F91C1D4079}.Release|Any CPU.Build.0 = Release|Any CPU
		{6BC048D3-3FA6-4400-9C66-83E5865A2F3F}.Debug|Any CPU.ActiveCfg = Debug|Any CPU
		{6BC048D3-3FA6-4400-9C66-83E5865A2F3F}.Debug|Any CPU.Build.0 = Debug|Any CPU
		{6BC048D3-3FA6-4400-9C66-83E5865A2F3F}.Release|Any CPU.ActiveCfg = Release|Any CPU
		{6BC048D3-3FA6-4400-9C66-83E5865A2F3F}.Release|Any CPU.Build.0 = Release|Any CPU
		{439D504A-5A4F-416B-B098-AC008567BD08}.Debug|Any CPU.ActiveCfg = Debug|Any CPU
		{439D504A-5A4F-416B-B098-AC008567BD08}.Debug|Any CPU.Build.0 = Debug|Any CPU
		{439D504A-5A4F-416B-B098-AC008567BD08}.Release|Any CPU.ActiveCfg = Release|Any CPU
		{439D504A-5A4F-416B-B098-AC008567BD08}.Release|Any CPU.Build.0 = Release|Any CPU
		{A8C6927E-31D4-4353-B43A-EDCF098AE8B8}.Debug|Any CPU.ActiveCfg = Debug|Any CPU
		{A8C6927E-31D4-4353-B43A-EDCF098AE8B8}.Debug|Any CPU.Build.0 = Debug|Any CPU
		{A8C6927E-31D4-4353-B43A-EDCF098AE8B8}.Release|Any CPU.ActiveCfg = Release|Any CPU
		{A8C6927E-31D4-4353-B43A-EDCF098AE8B8}.Release|Any CPU.Build.0 = Release|Any CPU
		{8A06942F-F85D-4356-B470-E21D9CBABA0F}.Debug|Any CPU.ActiveCfg = Debug|Any CPU
		{8A06942F-F85D-4356-B470-E21D9CBABA0F}.Debug|Any CPU.Build.0 = Debug|Any CPU
		{8A06942F-F85D-4356-B470-E21D9CBABA0F}.Release|Any CPU.ActiveCfg = Release|Any CPU
		{8A06942F-F85D-4356-B470-E21D9CBABA0F}.Release|Any CPU.Build.0 = Release|Any CPU
	EndGlobalSection
	GlobalSection(SolutionProperties) = preSolution
		HideSolutionNode = FALSE
	EndGlobalSection
	GlobalSection(NestedProjects) = preSolution
		{CD3A862D-2C52-4F99-A443-ABE19B3EFB70} = {06A800A1-6B6A-4D7A-95F3-E3EBF7C6219D}
		{96EDFB26-618D-45FD-B9F7-180B29B7C30D} = {06A800A1-6B6A-4D7A-95F3-E3EBF7C6219D}
		{9A41E1FC-2102-454F-BF76-0B96861DA9FD} = {F0C85483-F23F-4627-B858-A8F84B592CC4}
		{02E226F2-0F07-4438-ACEB-0A136E620106} = {96EDFB26-618D-45FD-B9F7-180B29B7C30D}
		{8E1820C4-AB52-48F0-B1E2-92F9EB2BEF56} = {06A800A1-6B6A-4D7A-95F3-E3EBF7C6219D}
		{2A443B2B-FCD9-42D3-93CD-08E8296FC437} = {06A800A1-6B6A-4D7A-95F3-E3EBF7C6219D}
		{7DBBBEE6-3606-4B85-B56A-2B2779514690} = {2A443B2B-FCD9-42D3-93CD-08E8296FC437}
		{2F37273B-D1E2-4F99-8C36-F6F91C1D4079} = {8E1820C4-AB52-48F0-B1E2-92F9EB2BEF56}
		{6BC048D3-3FA6-4400-9C66-83E5865A2F3F} = {CD3A862D-2C52-4F99-A443-ABE19B3EFB70}
		{439D504A-5A4F-416B-B098-AC008567BD08} = {CD3A862D-2C52-4F99-A443-ABE19B3EFB70}
		{A8C6927E-31D4-4353-B43A-EDCF098AE8B8} = {CD3A862D-2C52-4F99-A443-ABE19B3EFB70}
		{8A06942F-F85D-4356-B470-E21D9CBABA0F} = {CD3A862D-2C52-4F99-A443-ABE19B3EFB70}
	EndGlobalSection
	GlobalSection(ExtensibilityGlobals) = postSolution
		SolutionGuid = {0A87432A-C4DA-4C08-8399-58DC0DA1D2BC}
	EndGlobalSection
EndGlobal
